
Microsoft Visual Studio Solution File, Format Version 12.00
# Visual Studio 2012
Project("{8BC9CEB8-8B4A-11D0-8D11-00A0C91BC942}") = "Engine", "..\SkyProject\SkyEngine\SkyEngine.vcxproj", "{306A9039-D3F1-4A3B-BD6D-1D6AA8D2D044}"
EndProject
Project("{FAE04EC0-301F-11D3-BF4B-00C04F79EFBC}") = "Sky.Core", "..\SkyProject\Sky.Core\Sky.Core.csproj", "{79DE2834-BCBF-4405-A099-4A553E65B6DD}"
EndProject
Project("{FAE04EC0-301F-11D3-BF4B-00C04F79EFBC}") = "SkySuite", "..\SkyProject\SkySuite\SkySuite.csproj", "{3D0C50E1-C275-42F1-B576-E73B0FE34ED6}"
EndProject
Project("{8BC9CEB8-8B4A-11D0-8D11-00A0C91BC942}") = "Game", "..\SkyProject\Game\Game.vcxproj", "{C3EF5CD8-A171-4F17-AD31-1C984785F3B3}"
EndProject
Project("{8BC9CEB8-8B4A-11D0-8D11-00A0C91BC942}") = "Sky.NetEngine", "..\SkyProject\Sky.NetEngine\Sky.NetEngine.vcxproj", "{6462951F-E037-459B-85EE-523134D43F2D}"
EndProject
Project("{FAE04EC0-301F-11D3-BF4B-00C04F79EFBC}") = "SkyAssetBrowser", "..\SkyProject\SkyAssetBrowser\SkyAssetBrowser.csproj", "{09D14B8E-D541-4C50-A5B2-40E6D1E43F84}"
EndProject
Project("{8BC9CEB8-8B4A-11D0-8D11-00A0C91BC942}") = "Core", "..\SkyProject\Core\Core.vcxproj", "{3791396D-8994-484B-BEFA-5FDDBC3130FF}"
EndProject
Project("{8BC9CEB8-8B4A-11D0-8D11-00A0C91BC942}") = "Driver", "..\SkyProject\Driver\Driver.vcxproj", "{634A3CC2-E9FE-482E-B951-E72AF95D9ED9}"
EndProject
Project("{8BC9CEB8-8B4A-11D0-8D11-00A0C91BC942}") = "DrvD3D11", "..\SkyProject\DrvD3D11\DrvD3D11.vcxproj", "{0512C78E-9768-43CB-A2A8-96A0CA1582D6}"
EndProject
Global
	GlobalSection(SolutionConfigurationPlatforms) = preSolution
		Debug|Any CPU = Debug|Any CPU
		Debug|Mixed Platforms = Debug|Mixed Platforms
		Debug|Win32 = Debug|Win32
		Release|Any CPU = Release|Any CPU
		Release|Mixed Platforms = Release|Mixed Platforms
		Release|Win32 = Release|Win32
	EndGlobalSection
	GlobalSection(ProjectConfigurationPlatforms) = postSolution
		{306A9039-D3F1-4A3B-BD6D-1D6AA8D2D044}.Debug|Any CPU.ActiveCfg = Debug|Win32
		{306A9039-D3F1-4A3B-BD6D-1D6AA8D2D044}.Debug|Mixed Platforms.ActiveCfg = Debug|Win32
		{306A9039-D3F1-4A3B-BD6D-1D6AA8D2D044}.Debug|Mixed Platforms.Build.0 = Debug|Win32
		{306A9039-D3F1-4A3B-BD6D-1D6AA8D2D044}.Debug|Win32.ActiveCfg = Debug|Win32
		{306A9039-D3F1-4A3B-BD6D-1D6AA8D2D044}.Debug|Win32.Build.0 = Debug|Win32
		{306A9039-D3F1-4A3B-BD6D-1D6AA8D2D044}.Release|Any CPU.ActiveCfg = Release|Win32
		{306A9039-D3F1-4A3B-BD6D-1D6AA8D2D044}.Release|Mixed Platforms.ActiveCfg = Release|Win32
		{306A9039-D3F1-4A3B-BD6D-1D6AA8D2D044}.Release|Mixed Platforms.Build.0 = Release|Win32
		{306A9039-D3F1-4A3B-BD6D-1D6AA8D2D044}.Release|Win32.ActiveCfg = Release|Win32
		{306A9039-D3F1-4A3B-BD6D-1D6AA8D2D044}.Release|Win32.Build.0 = Release|Win32
		{79DE2834-BCBF-4405-A099-4A553E65B6DD}.Debug|Any CPU.ActiveCfg = Debug|Any CPU
		{79DE2834-BCBF-4405-A099-4A553E65B6DD}.Debug|Any CPU.Build.0 = Debug|Any CPU
		{79DE2834-BCBF-4405-A099-4A553E65B6DD}.Debug|Mixed Platforms.ActiveCfg = Debug|Any CPU
		{79DE2834-BCBF-4405-A099-4A553E65B6DD}.Debug|Mixed Platforms.Build.0 = Debug|Any CPU
		{79DE2834-BCBF-4405-A099-4A553E65B6DD}.Debug|Win32.ActiveCfg = Debug|Any CPU
		{79DE2834-BCBF-4405-A099-4A553E65B6DD}.Release|Any CPU.ActiveCfg = Release|Any CPU
		{79DE2834-BCBF-4405-A099-4A553E65B6DD}.Release|Any CPU.Build.0 = Release|Any CPU
		{79DE2834-BCBF-4405-A099-4A553E65B6DD}.Release|Mixed Platforms.ActiveCfg = Release|Any CPU
		{79DE2834-BCBF-4405-A099-4A553E65B6DD}.Release|Mixed Platforms.Build.0 = Release|Any CPU
		{79DE2834-BCBF-4405-A099-4A553E65B6DD}.Release|Win32.ActiveCfg = Release|Any CPU
		{3D0C50E1-C275-42F1-B576-E73B0FE34ED6}.Debug|Any CPU.ActiveCfg = Debug|Any CPU
		{3D0C50E1-C275-42F1-B576-E73B0FE34ED6}.Debug|Any CPU.Build.0 = Debug|Any CPU
		{3D0C50E1-C275-42F1-B576-E73B0FE34ED6}.Debug|Mixed Platforms.ActiveCfg = Debug|Any CPU
		{3D0C50E1-C275-42F1-B576-E73B0FE34ED6}.Debug|Mixed Platforms.Build.0 = Debug|Any CPU
		{3D0C50E1-C275-42F1-B576-E73B0FE34ED6}.Debug|Win32.ActiveCfg = Debug|Any CPU
		{3D0C50E1-C275-42F1-B576-E73B0FE34ED6}.Release|Any CPU.ActiveCfg = Release|Any CPU
		{3D0C50E1-C275-42F1-B576-E73B0FE34ED6}.Release|Any CPU.Build.0 = Release|Any CPU
		{3D0C50E1-C275-42F1-B576-E73B0FE34ED6}.Release|Mixed Platforms.ActiveCfg = Release|Any CPU
		{3D0C50E1-C275-42F1-B576-E73B0FE34ED6}.Release|Mixed Platforms.Build.0 = Release|Any CPU
		{3D0C50E1-C275-42F1-B576-E73B0FE34ED6}.Release|Win32.ActiveCfg = Release|Any CPU
		{C3EF5CD8-A171-4F17-AD31-1C984785F3B3}.Debug|Any CPU.ActiveCfg = Debug|Win32
		{C3EF5CD8-A171-4F17-AD31-1C984785F3B3}.Debug|Mixed Platforms.ActiveCfg = Debug|Win32
		{C3EF5CD8-A171-4F17-AD31-1C984785F3B3}.Debug|Mixed Platforms.Build.0 = Debug|Win32
		{C3EF5CD8-A171-4F17-AD31-1C984785F3B3}.Debug|Win32.ActiveCfg = Debug|Win32
		{C3EF5CD8-A171-4F17-AD31-1C984785F3B3}.Debug|Win32.Build.0 = Debug|Win32
		{C3EF5CD8-A171-4F17-AD31-1C984785F3B3}.Release|Any CPU.ActiveCfg = Release|Win32
		{C3EF5CD8-A171-4F17-AD31-1C984785F3B3}.Release|Mixed Platforms.ActiveCfg = Release|Win32
		{C3EF5CD8-A171-4F17-AD31-1C984785F3B3}.Release|Mixed Platforms.Build.0 = Release|Win32
		{C3EF5CD8-A171-4F17-AD31-1C984785F3B3}.Release|Win32.ActiveCfg = Release|Win32
		{C3EF5CD8-A171-4F17-AD31-1C984785F3B3}.Release|Win32.Build.0 = Release|Win32
		{6462951F-E037-459B-85EE-523134D43F2D}.Debug|Any CPU.ActiveCfg = Debug|Win32
		{6462951F-E037-459B-85EE-523134D43F2D}.Debug|Mixed Platforms.ActiveCfg = Debug|Win32
		{6462951F-E037-459B-85EE-523134D43F2D}.Debug|Mixed Platforms.Build.0 = Debug|Win32
		{6462951F-E037-459B-85EE-523134D43F2D}.Debug|Win32.ActiveCfg = Debug|Win32
		{6462951F-E037-459B-85EE-523134D43F2D}.Debug|Win32.Build.0 = Debug|Win32
		{6462951F-E037-459B-85EE-523134D43F2D}.Release|Any CPU.ActiveCfg = Release|Win32
		{6462951F-E037-459B-85EE-523134D43F2D}.Release|Mixed Platforms.ActiveCfg = Release|Win32
		{6462951F-E037-459B-85EE-523134D43F2D}.Release|Mixed Platforms.Build.0 = Release|Win32
		{6462951F-E037-459B-85EE-523134D43F2D}.Release|Win32.ActiveCfg = Release|Win32
		{6462951F-E037-459B-85EE-523134D43F2D}.Release|Win32.Build.0 = Release|Win32
		{09D14B8E-D541-4C50-A5B2-40E6D1E43F84}.Debug|Any CPU.ActiveCfg = Debug|Any CPU
		{09D14B8E-D541-4C50-A5B2-40E6D1E43F84}.Debug|Any CPU.Build.0 = Debug|Any CPU
		{09D14B8E-D541-4C50-A5B2-40E6D1E43F84}.Debug|Mixed Platforms.ActiveCfg = Debug|Any CPU
		{09D14B8E-D541-4C50-A5B2-40E6D1E43F84}.Debug|Mixed Platforms.Build.0 = Debug|Any CPU
		{09D14B8E-D541-4C50-A5B2-40E6D1E43F84}.Debug|Win32.ActiveCfg = Debug|Any CPU
		{09D14B8E-D541-4C50-A5B2-40E6D1E43F84}.Release|Any CPU.ActiveCfg = Release|Any CPU
		{09D14B8E-D541-4C50-A5B2-40E6D1E43F84}.Release|Any CPU.Build.0 = Release|Any CPU
		{09D14B8E-D541-4C50-A5B2-40E6D1E43F84}.Release|Mixed Platforms.ActiveCfg = Release|Any CPU
		{09D14B8E-D541-4C50-A5B2-40E6D1E43F84}.Release|Mixed Platforms.Build.0 = Release|Any CPU
		{09D14B8E-D541-4C50-A5B2-40E6D1E43F84}.Release|Win32.ActiveCfg = Release|Any CPU
		{3791396D-8994-484B-BEFA-5FDDBC3130FF}.Debug|Any CPU.ActiveCfg = Debug|Win32
		{3791396D-8994-484B-BEFA-5FDDBC3130FF}.Debug|Mixed Platforms.ActiveCfg = Debug|Win32
		{3791396D-8994-484B-BEFA-5FDDBC3130FF}.Debug|Mixed Platforms.Build.0 = Debug|Win32
		{3791396D-8994-484B-BEFA-5FDDBC3130FF}.Debug|Win32.ActiveCfg = Debug|Win32
		{3791396D-8994-484B-BEFA-5FDDBC3130FF}.Debug|Win32.Build.0 = Debug|Win32
		{3791396D-8994-484B-BEFA-5FDDBC3130FF}.Release|Any CPU.ActiveCfg = Release|Win32
		{3791396D-8994-484B-BEFA-5FDDBC3130FF}.Release|Mixed Platforms.ActiveCfg = Release|Win32
		{3791396D-8994-484B-BEFA-5FDDBC3130FF}.Release|Mixed Platforms.Build.0 = Release|Win32
		{3791396D-8994-484B-BEFA-5FDDBC3130FF}.Release|Win32.ActiveCfg = Release|Win32
		{3791396D-8994-484B-BEFA-5FDDBC3130FF}.Release|Win32.Build.0 = Release|Win32
		{634A3CC2-E9FE-482E-B951-E72AF95D9ED9}.Debug|Any CPU.ActiveCfg = Debug|Win32
		{634A3CC2-E9FE-482E-B951-E72AF95D9ED9}.Debug|Mixed Platforms.ActiveCfg = Debug|Win32
		{634A3CC2-E9FE-482E-B951-E72AF95D9ED9}.Debug|Mixed Platforms.Build.0 = Debug|Win32
		{634A3CC2-E9FE-482E-B951-E72AF95D9ED9}.Debug|Win32.ActiveCfg = Debug|Win32
		{634A3CC2-E9FE-482E-B951-E72AF95D9ED9}.Debug|Win32.Build.0 = Debug|Win32
		{634A3CC2-E9FE-482E-B951-E72AF95D9ED9}.Release|Any CPU.ActiveCfg = Release|Win32
		{634A3CC2-E9FE-482E-B951-E72AF95D9ED9}.Release|Mixed Platforms.ActiveCfg = Release|Win32
		{634A3CC2-E9FE-482E-B951-E72AF95D9ED9}.Release|Mixed Platforms.Build.0 = Release|Win32
		{634A3CC2-E9FE-482E-B951-E72AF95D9ED9}.Release|Win32.ActiveCfg = Release|Win32
		{634A3CC2-E9FE-482E-B951-E72AF95D9ED9}.Release|Win32.Build.0 = Release|Win32
		{0512C78E-9768-43CB-A2A8-96A0CA1582D6}.Debug|Any CPU.ActiveCfg = Debug|Win32
		{0512C78E-9768-43CB-A2A8-96A0CA1582D6}.Debug|Mixed Platforms.ActiveCfg = Debug|Win32
		{0512C78E-9768-43CB-A2A8-96A0CA1582D6}.Debug|Mixed Platforms.Build.0 = Debug|Win32
		{0512C78E-9768-43CB-A2A8-96A0CA1582D6}.Debug|Win32.ActiveCfg = Debug|Win32
		{0512C78E-9768-43CB-A2A8-96A0CA1582D6}.Debug|Win32.Build.0 = Debug|Win32
		{0512C78E-9768-43CB-A2A8-96A0CA1582D6}.Release|Any CPU.ActiveCfg = Release|Win32
		{0512C78E-9768-43CB-A2A8-96A0CA1582D6}.Release|Mixed Platforms.ActiveCfg = Release|Win32
		{0512C78E-9768-43CB-A2A8-96A0CA1582D6}.Release|Mixed Platforms.Build.0 = Release|Win32
		{0512C78E-9768-43CB-A2A8-96A0CA1582D6}.Release|Win32.ActiveCfg = Release|Win32
		{0512C78E-9768-43CB-A2A8-96A0CA1582D6}.Release|Win32.Build.0 = Release|Win32
	EndGlobalSection
	GlobalSection(SolutionProperties) = preSolution
		HideSolutionNode = FALSE
	EndGlobalSection
EndGlobal
